
Microsoft Visual Studio Solution File, Format Version 12.00
# Visual Studio Version 17
VisualStudioVersion = 17.11.35327.3
MinimumVisualStudioVersion = 10.0.40219.1
Project("{2150E333-8FDC-42A3-9474-1A3956D46DE8}") = "src", "src", "{5C25A41B-9004-4BF6-8AD8-7AD036C1EBB3}"
EndProject
Project("{FAE04EC0-301F-11D3-BF4B-00C04F79EFBC}") = "EventsAndDelegateDemo", "EventsAndDelegateDemo\EventsAndDelegateDemo.csproj", "{7D932532-93DD-402A-837F-BF33DCC77986}"
EndProject
Global
	GlobalSection(SolutionConfigurationPlatforms) = preSolution
		Debug|Any CPU = Debug|Any CPU
		Release|Any CPU = Release|Any CPU
	EndGlobalSection
	GlobalSection(ProjectConfigurationPlatforms) = postSolution
		{7D932532-93DD-402A-837F-BF33DCC77986}.Debug|Any CPU.ActiveCfg = Debug|Any CPU
		{7D932532-93DD-402A-837F-BF33DCC77986}.Debug|Any CPU.Build.0 = Debug|Any CPU
		{7D932532-93DD-402A-837F-BF33DCC77986}.Release|Any CPU.ActiveCfg = Release|Any CPU
		{7D932532-93DD-402A-837F-BF33DCC77986}.Release|Any CPU.Build.0 = Release|Any CPU
	EndGlobalSection
	GlobalSection(SolutionProperties) = preSolution
		HideSolutionNode = FALSE
	EndGlobalSection
	GlobalSection(NestedProjects) = preSolution
		{7D932532-93DD-402A-837F-BF33DCC77986} = {5C25A41B-9004-4BF6-8AD8-7AD036C1EBB3}
	EndGlobalSection
	GlobalSection(ExtensibilityGlobals) = postSolution
		SolutionGuid = {F56CDB4F-60C4-41A0-A335-88D2F13B1D45}
	EndGlobalSection
EndGlobal
